{
  "name": "algolia-helper",
  "version": "1.0.0",
  "lockfileVersion": 2,
  "requires": true,
  "packages": {
    "": {
      "name": "algolia-helper",
      "version": "1.0.0",
      "license": "MIT",
      "dependencies": {
        "algoliasearch": "^5.49.1",
        "jsonfile": "^6.2.0",
        "yargs": "^18.0.0"
      }
    },
    "node_modules/@algolia/abtesting": {
      "version": "1.15.1",
      "resolved": "https://registry.npmjs.org/@algolia/abtesting/-/abtesting-1.15.1.tgz",
      "integrity": "sha512-2yuIC48rUuHGhU1U5qJ9kJHaxYpJ0jpDHJVI5ekOxSMYXlH4+HP+pA31G820lsAznfmu2nzDV7n5RO44zIY1zw==",
      "dependencies": {
        "@algolia/client-common": "5.49.1",
        "@algolia/requester-browser-xhr": "5.49.1",
        "@algolia/requester-fetch": "5.49.1",
        "@algolia/requester-node-http": "5.49.1"
      },
      "engines": {
        "node": ">= 14.0.0"
      }
    },
    "node_modules/@algolia/client-abtesting": {
      "version": "5.49.1",
      "resolved": "https://registry.npmjs.org/@algolia/client-abtesting/-/client-abtesting-5.49.1.tgz",
      "integrity": "sha512-h6M7HzPin+45/l09q0r2dYmocSSt2MMGOOk5c4O5K/bBBlEwf1BKfN6z+iX4b8WXcQQhf7rgQwC52kBZJt/ZZw==",
      "dependencies": {
        "@algolia/client-common": "5.49.1",
        "@algolia/requester-browser-xhr": "5.49.1",
        "@algolia/requester-fetch": "5.49.1",
        "@algolia/requester-node-http": "5.49.1"
      },
      "engines": {
        "node": ">= 14.0.0"
      }
    },
    "node_modules/@algolia/client-analytics": {
      "version": "5.49.1",
      "resolved": "https://registry.npmjs.org/@algolia/client-analytics/-/client-analytics-5.49.1.tgz",
      "integrity": "sha512-048T9/Z8OeLmTk8h76QUqaNFp7Rq2VgS2Zm6Y2tNMYGQ1uNuzePY/udB5l5krlXll7ZGflyCjFvRiOtlPZpE9g==",
      "dependencies": {
        "@algolia/client-common": "5.49.1",
        "@algolia/requester-browser-xhr": "5.49.1",
        "@algolia/requester-fetch": "5.49.1",
        "@algolia/requester-node-http": "5.49.1"
      },
      "engines": {
        "node": ">= 14.0.0"
      }
    },
    "node_modules/@algolia/client-common": {
      "version": "5.49.1",
      "resolved": "https://registry.npmjs.org/@algolia/client-common/-/client-common-5.49.1.tgz",
      "integrity": "sha512-vp5/a9ikqvf3mn9QvHN8PRekn8hW34aV9eX+O0J5mKPZXeA6Pd5OQEh2ZWf7gJY6yyfTlLp5LMFzQUAU+Fpqpg==",
      "engines": {
        "node": ">= 14.0.0"
      }
    },
    "node_modules/@algolia/client-insights": {
      "version": "5.49.1",
      "resolved": "https://registry.npmjs.org/@algolia/client-insights/-/client-insights-5.49.1.tgz",
      "integrity": "sha512-B6N7PgkvYrul3bntTz/l6uXnhQ2bvP+M7NqTcayh681tSqPaA5cJCUBp/vrP7vpPRpej4Eeyx2qz5p0tE/2N2g==",
      "dependencies": {
        "@algolia/client-common": "5.49.1",
        "@algolia/requester-browser-xhr": "5.49.1",
        "@algolia/requester-fetch": "5.49.1",
        "@algolia/requester-node-http": "5.49.1"
      },
      "engines": {
        "node": ">= 14.0.0"
      }
    },
    "node_modules/@algolia/client-personalization": {
      "version": "5.49.1",
      "resolved": "https://registry.npmjs.org/@algolia/client-personalization/-/client-personalization-5.49.1.tgz",
      "integrity": "sha512-v+4DN+lkYfBd01Hbnb9ZrCHe7l+mvihyx218INRX/kaCXROIWUDIT1cs3urQxfE7kXBFnLsqYeOflQALv/gA5w==",
      "dependencies": {
        "@algolia/client-common": "5.49.1",
        "@algolia/requester-browser-xhr": "5.49.1",
        "@algolia/requester-fetch": "5.49.1",
        "@algolia/requester-node-http": "5.49.1"
      },
      "engines": {
        "node": ">= 14.0.0"
      }
    },
    "node_modules/@algolia/client-query-suggestions": {
      "version": "5.49.1",
      "resolved": "https://registry.npmjs.org/@algolia/client-query-suggestions/-/client-query-suggestions-5.49.1.tgz",
      "integrity": "sha512-Un11cab6ZCv0W+Jiak8UktGIqoa4+gSNgEZNfG8m8eTsXGqwIEr370H3Rqwj87zeNSlFpH2BslMXJ/cLNS1qtg==",
      "dependencies": {
        "@algolia/client-common": "5.49.1",
        "@algolia/requester-browser-xhr": "5.49.1",
        "@algolia/requester-fetch": "5.49.1",
        "@algolia/requester-node-http": "5.49.1"
      },
      "engines": {
        "node": ">= 14.0.0"
      }
    },
    "node_modules/@algolia/client-search": {
      "version": "5.49.1",
      "resolved": "https://registry.npmjs.org/@algolia/client-search/-/client-search-5.49.1.tgz",
      "integrity": "sha512-Nt9hri7nbOo0RipAsGjIssHkpLMHHN/P7QqENywAq5TLsoYDzUyJGny8FEiD/9KJUxtGH8blGpMedilI6kK3rA==",
      "dependencies": {
        "@algolia/client-common": "5.49.1",
        "@algolia/requester-browser-xhr": "5.49.1",
        "@algolia/requester-fetch": "5.49.1",
        "@algolia/requester-node-http": "5.49.1"
      },
      "engines": {
        "node": ">= 14.0.0"
      }
    },
    "node_modules/@algolia/ingestion": {
      "version": "1.49.1",
      "resolved": "https://registry.npmjs.org/@algolia/ingestion/-/ingestion-1.49.1.tgz",
      "integrity": "sha512-b5hUXwDqje0Y4CpU6VL481DXgPgxpTD5sYMnfQTHKgUispGnaCLCm2/T9WbJo1YNUbX3iHtYDArp804eD6CmRQ==",
      "dependencies": {
        "@algolia/client-common": "5.49.1",
        "@algolia/requester-browser-xhr": "5.49.1",
        "@algolia/requester-fetch": "5.49.1",
        "@algolia/requester-node-http": "5.49.1"
      },
      "engines": {
        "node": ">= 14.0.0"
      }
    },
    "node_modules/@algolia/monitoring": {
      "version": "1.49.1",
      "resolved": "https://registry.npmjs.org/@algolia/monitoring/-/monitoring-1.49.1.tgz",
      "integrity": "sha512-bvrXwZ0WsL3rN6Q4m4QqxsXFCo6WAew7sAdrpMQMK4Efn4/W920r9ptOuckejOSSvyLr9pAWgC5rsHhR2FYuYw==",
      "dependencies": {
        "@algolia/client-common": "5.49.1",
        "@algolia/requester-browser-xhr": "5.49.1",
        "@algolia/requester-fetch": "5.49.1",
        "@algolia/requester-node-http": "5.49.1"
      },
      "engines": {
        "node": ">= 14.0.0"
      }
    },
    "node_modules/@algolia/recommend": {
      "version": "5.49.1",
      "resolved": "https://registry.npmjs.org/@algolia/recommend/-/recommend-5.49.1.tgz",
      "integrity": "sha512-h2yz3AGeGkQwNgbLmoe3bxYs8fac4An1CprKTypYyTU/k3Q+9FbIvJ8aS1DoBKaTjSRZVoyQS7SZQio6GaHbZw==",
      "dependencies": {
        "@algolia/client-common": "5.49.1",
        "@algolia/requester-browser-xhr": "5.49.1",
        "@algolia/requester-fetch": "5.49.1",
        "@algolia/requester-node-http": "5.49.1"
      },
      "engines": {
        "node": ">= 14.0.0"
      }
    },
    "node_modules/@algolia/requester-browser-xhr": {
      "version": "5.49.1",
      "resolved": "https://registry.npmjs.org/@algolia/requester-browser-xhr/-/requester-browser-xhr-5.49.1.tgz",
      "integrity": "sha512-2UPyRuUR/qpqSqH8mxFV5uBZWEpxhGPHLlx9Xf6OVxr79XO2ctzZQAhsmTZ6X22x+N8MBWpB9UEky7YU2HGFgA==",
      "dependencies": {
        "@algolia/client-common": "5.49.1"
      },
      "engines": {
        "node": ">= 14.0.0"
      }
    },
    "node_modules/@algolia/requester-fetch": {
      "version": "5.49.1",
      "resolved": "https://registry.npmjs.org/@algolia/requester-fetch/-/requester-fetch-5.49.1.tgz",
      "integrity": "sha512-N+xlE4lN+wpuT+4vhNEwPVlrfN+DWAZmSX9SYhbz986Oq8AMsqdntOqUyiOXVxYsQtfLwmiej24vbvJGYv1Qtw==",
      "dependencies": {
        "@algolia/client-common": "5.49.1"
      },
      "engines": {
        "node": ">= 14.0.0"
      }
    },
    "node_modules/@algolia/requester-node-http": {
      "version": "5.49.1",
      "resolved": "https://registry.npmjs.org/@algolia/requester-node-http/-/requester-node-http-5.49.1.tgz",
      "integrity": "sha512-zA5bkUOB5PPtTr182DJmajCiizHp0rCJQ0Chf96zNFvkdESKYlDeYA3tQ7r2oyHbu/8DiohAQ5PZ85edctzbXA==",
      "dependencies": {
        "@algolia/client-common": "5.49.1"
      },
      "engines": {
        "node": ">= 14.0.0"
      }
    },
    "node_modules/algoliasearch": {
      "version": "5.49.1",
      "resolved": "https://registry.npmjs.org/algoliasearch/-/algoliasearch-5.49.1.tgz",
      "integrity": "sha512-X3Pp2aRQhg4xUC6PQtkubn5NpRKuUPQ9FPDQlx36SmpFwwH2N0/tw4c+NXV3nw3PsgeUs+BuWGP0gjz3TvENLQ==",
      "dependencies": {
        "@algolia/abtesting": "1.15.1",
        "@algolia/client-abtesting": "5.49.1",
        "@algolia/client-analytics": "5.49.1",
        "@algolia/client-common": "5.49.1",
        "@algolia/client-insights": "5.49.1",
        "@algolia/client-personalization": "5.49.1",
        "@algolia/client-query-suggestions": "5.49.1",
        "@algolia/client-search": "5.49.1",
        "@algolia/ingestion": "1.49.1",
        "@algolia/monitoring": "1.49.1",
        "@algolia/recommend": "5.49.1",
        "@algolia/requester-browser-xhr": "5.49.1",
        "@algolia/requester-fetch": "5.49.1",
        "@algolia/requester-node-http": "5.49.1"
      },
      "engines": {
        "node": ">= 14.0.0"
      }
    },
    "node_modules/ansi-regex": {
      "version": "6.2.2",
      "resolved": "https://registry.npmjs.org/ansi-regex/-/ansi-regex-6.2.2.tgz",
      "integrity": "sha512-Bq3SmSpyFHaWjPk8If9yc6svM8c56dB5BAtW4Qbw5jHTwwXXcTLoRMkpDJp6VL0XzlWaCHTXrkFURMYmD0sLqg==",
      "engines": {
        "node": ">=12"
      },
      "funding": {
        "url": "https://github.com/chalk/ansi-regex?sponsor=1"
      }
    },
    "node_modules/ansi-styles": {
      "version": "6.2.3",
      "resolved": "https://registry.npmjs.org/ansi-styles/-/ansi-styles-6.2.3.tgz",
      "integrity": "sha512-4Dj6M28JB+oAH8kFkTLUo+a2jwOFkuqb3yucU0CANcRRUbxS0cP0nZYCGjcc3BNXwRIsUVmDGgzawme7zvJHvg==",
      "engines": {
        "node": ">=12"
      },
      "funding": {
        "url": "https://github.com/chalk/ansi-styles?sponsor=1"
      }
    },
    "node_modules/cliui": {
      "version": "9.0.1",
      "resolved": "https://registry.npmjs.org/cliui/-/cliui-9.0.1.tgz",
      "integrity": "sha512-k7ndgKhwoQveBL+/1tqGJYNz097I7WOvwbmmU2AR5+magtbjPWQTS1C5vzGkBC8Ym8UWRzfKUzUUqFLypY4Q+w==",
      "dependencies": {
        "string-width": "^7.2.0",
        "strip-ansi": "^7.1.0",
        "wrap-ansi": "^9.0.0"
      },
      "engines": {
        "node": ">=20"
      }
    },
    "node_modules/emoji-regex": {
      "version": "10.6.0",
      "resolved": "https://registry.npmjs.org/emoji-regex/-/emoji-regex-10.6.0.tgz",
      "integrity": "sha512-toUI84YS5YmxW219erniWD0CIVOo46xGKColeNQRgOzDorgBi1v4D71/OFzgD9GO2UGKIv1C3Sp8DAn0+j5w7A=="
    },
    "node_modules/escalade": {
      "version": "3.1.1",
      "resolved": "https://registry.npmjs.org/escalade/-/escalade-3.1.1.tgz",
      "integrity": "sha512-k0er2gUkLf8O0zKJiAhmkTnJlTvINGv7ygDNPbeIsX/TJjGJZHuh9B2UxbsaEkmlEo9MfhrSzmhIlhRlI2GXnw==",
      "engines": {
        "node": ">=6"
      }
    },
    "node_modules/get-caller-file": {
      "version": "2.0.5",
      "resolved": "https://registry.npmjs.org/get-caller-file/-/get-caller-file-2.0.5.tgz",
      "integrity": "sha512-DyFP3BM/3YHTQOCUL/w0OZHR0lpKeGrxotcHWcqNEdnltqFwXVfhEBQ94eIo34AfQpo0rGki4cyIiftY06h2Fg==",
      "engines": {
        "node": "6.* || 8.* || >= 10.*"
      }
    },
    "node_modules/get-east-asian-width": {
      "version": "1.5.0",
      "resolved": "https://registry.npmjs.org/get-east-asian-width/-/get-east-asian-width-1.5.0.tgz",
      "integrity": "sha512-CQ+bEO+Tva/qlmw24dCejulK5pMzVnUOFOijVogd3KQs07HnRIgp8TGipvCCRT06xeYEbpbgwaCxglFyiuIcmA==",
      "engines": {
        "node": ">=18"
      },
      "funding": {
        "url": "https://github.com/sponsors/sindresorhus"
      }
    },
    "node_modules/graceful-fs": {
      "version": "4.2.6",
      "resolved": "https://registry.npmjs.org/graceful-fs/-/graceful-fs-4.2.6.tgz",
      "integrity": "sha512-nTnJ528pbqxYanhpDYsi4Rd8MAeaBA67+RZ10CM1m3bTAVFEDcd5AuA4a6W5YkGZ1iNXHzZz8T6TBKLeBuNriQ==",
      "optional": true
    },
    "node_modules/jsonfile": {
      "version": "6.2.0",
      "resolved": "https://registry.npmjs.org/jsonfile/-/jsonfile-6.2.0.tgz",
      "integrity": "sha512-FGuPw30AdOIUTRMC2OMRtQV+jkVj2cfPqSeWXv1NEAJ1qZ5zb1X6z1mFhbfOB/iy3ssJCD+3KuZ8r8C3uVFlAg==",
      "dependencies": {
        "universalify": "^2.0.0"
      },
      "optionalDependencies": {
        "graceful-fs": "^4.1.6"
      }
    },
    "node_modules/string-width": {
      "version": "7.2.0",
      "resolved": "https://registry.npmjs.org/string-width/-/string-width-7.2.0.tgz",
      "integrity": "sha512-tsaTIkKW9b4N+AEj+SVA+WhJzV7/zMhcSu78mLKWSk7cXMOSHsBKFWUs0fWwq8QyK3MgJBQRX6Gbi4kYbdvGkQ==",
      "dependencies": {
        "emoji-regex": "^10.3.0",
        "get-east-asian-width": "^1.0.0",
        "strip-ansi": "^7.1.0"
      },
      "engines": {
        "node": ">=18"
      },
      "funding": {
        "url": "https://github.com/sponsors/sindresorhus"
      }
    },
    "node_modules/strip-ansi": {
      "version": "7.2.0",
      "resolved": "https://registry.npmjs.org/strip-ansi/-/strip-ansi-7.2.0.tgz",
      "integrity": "sha512-yDPMNjp4WyfYBkHnjIRLfca1i6KMyGCtsVgoKe/z1+6vukgaENdgGBZt+ZmKPc4gavvEZ5OgHfHdrazhgNyG7w==",
      "dependencies": {
        "ansi-regex": "^6.2.2"
      },
      "engines": {
        "node": ">=12"
      },
      "funding": {
        "url": "https://github.com/chalk/strip-ansi?sponsor=1"
      }
    },
    "node_modules/universalify": {
      "version": "2.0.0",
      "resolved": "https://registry.npmjs.org/universalify/-/universalify-2.0.0.tgz",
      "integrity": "sha512-hAZsKq7Yy11Zu1DE0OzWjw7nnLZmJZYTDZZyEFHZdUhV8FkH5MCfoU1XMaxXovpyW5nq5scPqq0ZDP9Zyl04oQ==",
      "engines": {
        "node": ">= 10.0.0"
      }
    },
    "node_modules/wrap-ansi": {
      "version": "9.0.2",
      "resolved": "https://registry.npmjs.org/wrap-ansi/-/wrap-ansi-9.0.2.tgz",
      "integrity": "sha512-42AtmgqjV+X1VpdOfyTGOYRi0/zsoLqtXQckTmqTeybT+BDIbM/Guxo7x3pE2vtpr1ok6xRqM9OpBe+Jyoqyww==",
      "dependencies": {
        "ansi-styles": "^6.2.1",
        "string-width": "^7.0.0",
        "strip-ansi": "^7.1.0"
      },
      "engines": {
        "node": ">=18"
      },
      "funding": {
        "url": "https://github.com/chalk/wrap-ansi?sponsor=1"
      }
    },
    "node_modules/y18n": {
      "version": "5.0.5",
      "resolved": "https://registry.npmjs.org/y18n/-/y18n-5.0.5.tgz",
      "integrity": "sha512-hsRUr4FFrvhhRH12wOdfs38Gy7k2FFzB9qgN9v3aLykRq0dRcdcpz5C9FxdS2NuhOrI/628b/KSTJ3rwHysYSg==",
      "engines": {
        "node": ">=10"
      }
    },
    "node_modules/yargs": {
      "version": "18.0.0",
      "resolved": "https://registry.npmjs.org/yargs/-/yargs-18.0.0.tgz",
      "integrity": "sha512-4UEqdc2RYGHZc7Doyqkrqiln3p9X2DZVxaGbwhn2pi7MrRagKaOcIKe8L3OxYcbhXLgLFUS3zAYuQjKBQgmuNg==",
      "dependencies": {
        "cliui": "^9.0.1",
        "escalade": "^3.1.1",
        "get-caller-file": "^2.0.5",
        "string-width": "^7.2.0",
        "y18n": "^5.0.5",
        "yargs-parser": "^22.0.0"
      },
      "engines": {
        "node": "^20.19.0 || ^22.12.0 || >=23"
      }
    },
    "node_modules/yargs-parser": {
      "version": "22.0.0",
      "resolved": "https://registry.npmjs.org/yargs-parser/-/yargs-parser-22.0.0.tgz",
      "integrity": "sha512-rwu/ClNdSMpkSrUb+d6BRsSkLUq1fmfsY6TOpYzTwvwkg1/NRG85KBy3kq++A8LKQwX6lsu+aWad+2khvuXrqw==",
      "engines": {
        "node": "^20.19.0 || ^22.12.0 || >=23"
      }
    }
  },
  "dependencies": {
    "@algolia/abtesting": {
      "version": "1.15.1",
      "resolved": "https://registry.npmjs.org/@algolia/abtesting/-/abtesting-1.15.1.tgz",
      "integrity": "sha512-2yuIC48rUuHGhU1U5qJ9kJHaxYpJ0jpDHJVI5ekOxSMYXlH4+HP+pA31G820lsAznfmu2nzDV7n5RO44zIY1zw==",
      "requires": {
        "@algolia/client-common": "5.49.1",
        "@algolia/requester-browser-xhr": "5.49.1",
        "@algolia/requester-fetch": "5.49.1",
        "@algolia/requester-node-http": "5.49.1"
      }
    },
    "@algolia/client-abtesting": {
      "version": "5.49.1",
      "resolved": "https://registry.npmjs.org/@algolia/client-abtesting/-/client-abtesting-5.49.1.tgz",
      "integrity": "sha512-h6M7HzPin+45/l09q0r2dYmocSSt2MMGOOk5c4O5K/bBBlEwf1BKfN6z+iX4b8WXcQQhf7rgQwC52kBZJt/ZZw==",
      "requires": {
        "@algolia/client-common": "5.49.1",
        "@algolia/requester-browser-xhr": "5.49.1",
        "@algolia/requester-fetch": "5.49.1",
        "@algolia/requester-node-http": "5.49.1"
      }
    },
    "@algolia/client-analytics": {
      "version": "5.49.1",
      "resolved": "https://registry.npmjs.org/@algolia/client-analytics/-/client-analytics-5.49.1.tgz",
      "integrity": "sha512-048T9/Z8OeLmTk8h76QUqaNFp7Rq2VgS2Zm6Y2tNMYGQ1uNuzePY/udB5l5krlXll7ZGflyCjFvRiOtlPZpE9g==",
      "requires": {
        "@algolia/client-common": "5.49.1",
        "@algolia/requester-browser-xhr": "5.49.1",
        "@algolia/requester-fetch": "5.49.1",
        "@algolia/requester-node-http": "5.49.1"
      }
    },
    "@algolia/client-common": {
      "version": "5.49.1",
      "resolved": "https://registry.npmjs.org/@algolia/client-common/-/client-common-5.49.1.tgz",
      "integrity": "sha512-vp5/a9ikqvf3mn9QvHN8PRekn8hW34aV9eX+O0J5mKPZXeA6Pd5OQEh2ZWf7gJY6yyfTlLp5LMFzQUAU+Fpqpg=="
    },
    "@algolia/client-insights": {
      "version": "5.49.1",
      "resolved": "https://registry.npmjs.org/@algolia/client-insights/-/client-insights-5.49.1.tgz",
      "integrity": "sha512-B6N7PgkvYrul3bntTz/l6uXnhQ2bvP+M7NqTcayh681tSqPaA5cJCUBp/vrP7vpPRpej4Eeyx2qz5p0tE/2N2g==",
      "requires": {
        "@algolia/client-common": "5.49.1",
        "@algolia/requester-browser-xhr": "5.49.1",
        "@algolia/requester-fetch": "5.49.1",
        "@algolia/requester-node-http": "5.49.1"
      }
    },
    "@algolia/client-personalization": {
      "version": "5.49.1",
      "resolved": "https://registry.npmjs.org/@algolia/client-personalization/-/client-personalization-5.49.1.tgz",
      "integrity": "sha512-v+4DN+lkYfBd01Hbnb9ZrCHe7l+mvihyx218INRX/kaCXROIWUDIT1cs3urQxfE7kXBFnLsqYeOflQALv/gA5w==",
      "requires": {
        "@algolia/client-common": "5.49.1",
        "@algolia/requester-browser-xhr": "5.49.1",
        "@algolia/requester-fetch": "5.49.1",
        "@algolia/requester-node-http": "5.49.1"
      }
    },
    "@algolia/client-query-suggestions": {
      "version": "5.49.1",
      "resolved": "https://registry.npmjs.org/@algolia/client-query-suggestions/-/client-query-suggestions-5.49.1.tgz",
      "integrity": "sha512-Un11cab6ZCv0W+Jiak8UktGIqoa4+gSNgEZNfG8m8eTsXGqwIEr370H3Rqwj87zeNSlFpH2BslMXJ/cLNS1qtg==",
      "requires": {
        "@algolia/client-common": "5.49.1",
        "@algolia/requester-browser-xhr": "5.49.1",
        "@algolia/requester-fetch": "5.49.1",
        "@algolia/requester-node-http": "5.49.1"
      }
    },
    "@algolia/client-search": {
      "version": "5.49.1",
      "resolved": "https://registry.npmjs.org/@algolia/client-search/-/client-search-5.49.1.tgz",
      "integrity": "sha512-Nt9hri7nbOo0RipAsGjIssHkpLMHHN/P7QqENywAq5TLsoYDzUyJGny8FEiD/9KJUxtGH8blGpMedilI6kK3rA==",
      "requires": {
        "@algolia/client-common": "5.49.1",
        "@algolia/requester-browser-xhr": "5.49.1",
        "@algolia/requester-fetch": "5.49.1",
        "@algolia/requester-node-http": "5.49.1"
      }
    },
    "@algolia/ingestion": {
      "version": "1.49.1",
      "resolved": "https://registry.npmjs.org/@algolia/ingestion/-/ingestion-1.49.1.tgz",
      "integrity": "sha512-b5hUXwDqje0Y4CpU6VL481DXgPgxpTD5sYMnfQTHKgUispGnaCLCm2/T9WbJo1YNUbX3iHtYDArp804eD6CmRQ==",
      "requires": {
        "@algolia/client-common": "5.49.1",
        "@algolia/requester-browser-xhr": "5.49.1",
        "@algolia/requester-fetch": "5.49.1",
        "@algolia/requester-node-http": "5.49.1"
      }
    },
    "@algolia/monitoring": {
      "version": "1.49.1",
      "resolved": "https://registry.npmjs.org/@algolia/monitoring/-/monitoring-1.49.1.tgz",
      "integrity": "sha512-bvrXwZ0WsL3rN6Q4m4QqxsXFCo6WAew7sAdrpMQMK4Efn4/W920r9ptOuckejOSSvyLr9pAWgC5rsHhR2FYuYw==",
      "requires": {
        "@algolia/client-common": "5.49.1",
        "@algolia/requester-browser-xhr": "5.49.1",
        "@algolia/requester-fetch": "5.49.1",
        "@algolia/requester-node-http": "5.49.1"
      }
    },
    "@algolia/recommend": {
      "version": "5.49.1",
      "resolved": "https://registry.npmjs.org/@algolia/recommend/-/recommend-5.49.1.tgz",
      "integrity": "sha512-h2yz3AGeGkQwNgbLmoe3bxYs8fac4An1CprKTypYyTU/k3Q+9FbIvJ8aS1DoBKaTjSRZVoyQS7SZQio6GaHbZw==",
      "requires": {
        "@algolia/client-common": "5.49.1",
        "@algolia/requester-browser-xhr": "5.49.1",
        "@algolia/requester-fetch": "5.49.1",
        "@algolia/requester-node-http": "5.49.1"
      }
    },
    "@algolia/requester-browser-xhr": {
      "version": "5.49.1",
      "resolved": "https://registry.npmjs.org/@algolia/requester-browser-xhr/-/requester-browser-xhr-5.49.1.tgz",
      "integrity": "sha512-2UPyRuUR/qpqSqH8mxFV5uBZWEpxhGPHLlx9Xf6OVxr79XO2ctzZQAhsmTZ6X22x+N8MBWpB9UEky7YU2HGFgA==",
      "requires": {
        "@algolia/client-common": "5.49.1"
      }
    },
    "@algolia/requester-fetch": {
      "version": "5.49.1",
      "resolved": "https://registry.npmjs.org/@algolia/requester-fetch/-/requester-fetch-5.49.1.tgz",
      "integrity": "sha512-N+xlE4lN+wpuT+4vhNEwPVlrfN+DWAZmSX9SYhbz986Oq8AMsqdntOqUyiOXVxYsQtfLwmiej24vbvJGYv1Qtw==",
      "requires": {
        "@algolia/client-common": "5.49.1"
      }
    },
    "@algolia/requester-node-http": {
      "version": "5.49.1",
      "resolved": "https://registry.npmjs.org/@algolia/requester-node-http/-/requester-node-http-5.49.1.tgz",
      "integrity": "sha512-zA5bkUOB5PPtTr182DJmajCiizHp0rCJQ0Chf96zNFvkdESKYlDeYA3tQ7r2oyHbu/8DiohAQ5PZ85edctzbXA==",
      "requires": {
        "@algolia/client-common": "5.49.1"
      }
    },
    "algoliasearch": {
      "version": "5.49.1",
      "resolved": "https://registry.npmjs.org/algoliasearch/-/algoliasearch-5.49.1.tgz",
      "integrity": "sha512-X3Pp2aRQhg4xUC6PQtkubn5NpRKuUPQ9FPDQlx36SmpFwwH2N0/tw4c+NXV3nw3PsgeUs+BuWGP0gjz3TvENLQ==",
      "requires": {
        "@algolia/abtesting": "1.15.1",
        "@algolia/client-abtesting": "5.49.1",
        "@algolia/client-analytics": "5.49.1",
        "@algolia/client-common": "5.49.1",
        "@algolia/client-insights": "5.49.1",
        "@algolia/client-personalization": "5.49.1",
        "@algolia/client-query-suggestions": "5.49.1",
        "@algolia/client-search": "5.49.1",
        "@algolia/ingestion": "1.49.1",
        "@algolia/monitoring": "1.49.1",
        "@algolia/recommend": "5.49.1",
        "@algolia/requester-browser-xhr": "5.49.1",
        "@algolia/requester-fetch": "5.49.1",
        "@algolia/requester-node-http": "5.49.1"
      }
    },
    "ansi-regex": {
      "version": "6.2.2",
      "resolved": "https://registry.npmjs.org/ansi-regex/-/ansi-regex-6.2.2.tgz",
      "integrity": "sha512-Bq3SmSpyFHaWjPk8If9yc6svM8c56dB5BAtW4Qbw5jHTwwXXcTLoRMkpDJp6VL0XzlWaCHTXrkFURMYmD0sLqg=="
    },
    "ansi-styles": {
      "version": "6.2.3",
      "resolved": "https://registry.npmjs.org/ansi-styles/-/ansi-styles-6.2.3.tgz",
      "integrity": "sha512-4Dj6M28JB+oAH8kFkTLUo+a2jwOFkuqb3yucU0CANcRRUbxS0cP0nZYCGjcc3BNXwRIsUVmDGgzawme7zvJHvg=="
    },
    "cliui": {
      "version": "9.0.1",
      "resolved": "https://registry.npmjs.org/cliui/-/cliui-9.0.1.tgz",
      "integrity": "sha512-k7ndgKhwoQveBL+/1tqGJYNz097I7WOvwbmmU2AR5+magtbjPWQTS1C5vzGkBC8Ym8UWRzfKUzUUqFLypY4Q+w==",
      "requires": {
        "string-width": "^7.2.0",
        "strip-ansi": "^7.1.0",
        "wrap-ansi": "^9.0.0"
      }
    },
    "emoji-regex": {
      "version": "10.6.0",
      "resolved": "https://registry.npmjs.org/emoji-regex/-/emoji-regex-10.6.0.tgz",
      "integrity": "sha512-toUI84YS5YmxW219erniWD0CIVOo46xGKColeNQRgOzDorgBi1v4D71/OFzgD9GO2UGKIv1C3Sp8DAn0+j5w7A=="
    },
    "escalade": {
      "version": "3.1.1",
      "resolved": "https://registry.npmjs.org/escalade/-/escalade-3.1.1.tgz",
      "integrity": "sha512-k0er2gUkLf8O0zKJiAhmkTnJlTvINGv7ygDNPbeIsX/TJjGJZHuh9B2UxbsaEkmlEo9MfhrSzmhIlhRlI2GXnw=="
    },
    "get-caller-file": {
      "version": "2.0.5",
      "resolved": "https://registry.npmjs.org/get-caller-file/-/get-caller-file-2.0.5.tgz",
      "integrity": "sha512-DyFP3BM/3YHTQOCUL/w0OZHR0lpKeGrxotcHWcqNEdnltqFwXVfhEBQ94eIo34AfQpo0rGki4cyIiftY06h2Fg=="
    },
    "get-east-asian-width": {
      "version": "1.5.0",
      "resolved": "https://registry.npmjs.org/get-east-asian-width/-/get-east-asian-width-1.5.0.tgz",
      "integrity": "sha512-CQ+bEO+Tva/qlmw24dCejulK5pMzVnUOFOijVogd3KQs07HnRIgp8TGipvCCRT06xeYEbpbgwaCxglFyiuIcmA=="
    },
    "graceful-fs": {
      "version": "4.2.6",
      "resolved": "https://registry.npmjs.org/graceful-fs/-/graceful-fs-4.2.6.tgz",
      "integrity": "sha512-nTnJ528pbqxYanhpDYsi4Rd8MAeaBA67+RZ10CM1m3bTAVFEDcd5AuA4a6W5YkGZ1iNXHzZz8T6TBKLeBuNriQ==",
      "optional": true
    },
    "jsonfile": {
      "version": "6.2.0",
      "resolved": "https://registry.npmjs.org/jsonfile/-/jsonfile-6.2.0.tgz",
      "integrity": "sha512-FGuPw30AdOIUTRMC2OMRtQV+jkVj2cfPqSeWXv1NEAJ1qZ5zb1X6z1mFhbfOB/iy3ssJCD+3KuZ8r8C3uVFlAg==",
      "requires": {
        "graceful-fs": "^4.1.6",
        "universalify": "^2.0.0"
      }
    },
    "string-width": {
      "version": "7.2.0",
      "resolved": "https://registry.npmjs.org/string-width/-/string-width-7.2.0.tgz",
      "integrity": "sha512-tsaTIkKW9b4N+AEj+SVA+WhJzV7/zMhcSu78mLKWSk7cXMOSHsBKFWUs0fWwq8QyK3MgJBQRX6Gbi4kYbdvGkQ==",
      "requires": {
        "emoji-regex": "^10.3.0",
        "get-east-asian-width": "^1.0.0",
        "strip-ansi": "^7.1.0"
      }
    },
    "strip-ansi": {
      "version": "7.2.0",
      "resolved": "https://registry.npmjs.org/strip-ansi/-/strip-ansi-7.2.0.tgz",
      "integrity": "sha512-yDPMNjp4WyfYBkHnjIRLfca1i6KMyGCtsVgoKe/z1+6vukgaENdgGBZt+ZmKPc4gavvEZ5OgHfHdrazhgNyG7w==",
      "requires": {
        "ansi-regex": "^6.2.2"
      }
    },
    "universalify": {
      "version": "2.0.0",
      "resolved": "https://registry.npmjs.org/universalify/-/universalify-2.0.0.tgz",
      "integrity": "sha512-hAZsKq7Yy11Zu1DE0OzWjw7nnLZmJZYTDZZyEFHZdUhV8FkH5MCfoU1XMaxXovpyW5nq5scPqq0ZDP9Zyl04oQ=="
    },
    "wrap-ansi": {
      "version": "9.0.2",
      "resolved": "https://registry.npmjs.org/wrap-ansi/-/wrap-ansi-9.0.2.tgz",
      "integrity": "sha512-42AtmgqjV+X1VpdOfyTGOYRi0/zsoLqtXQckTmqTeybT+BDIbM/Guxo7x3pE2vtpr1ok6xRqM9OpBe+Jyoqyww==",
      "requires": {
        "ansi-styles": "^6.2.1",
        "string-width": "^7.0.0",
        "strip-ansi": "^7.1.0"
      }
    },
    "y18n": {
      "version": "5.0.5",
      "resolved": "https://registry.npmjs.org/y18n/-/y18n-5.0.5.tgz",
      "integrity": "sha512-hsRUr4FFrvhhRH12wOdfs38Gy7k2FFzB9qgN9v3aLykRq0dRcdcpz5C9FxdS2NuhOrI/628b/KSTJ3rwHysYSg=="
    },
    "yargs": {
      "version": "18.0.0",
      "resolved": "https://registry.npmjs.org/yargs/-/yargs-18.0.0.tgz",
      "integrity": "sha512-4UEqdc2RYGHZc7Doyqkrqiln3p9X2DZVxaGbwhn2pi7MrRagKaOcIKe8L3OxYcbhXLgLFUS3zAYuQjKBQgmuNg==",
      "requires": {
        "cliui": "^9.0.1",
        "escalade": "^3.1.1",
        "get-caller-file": "^2.0.5",
        "string-width": "^7.2.0",
        "y18n": "^5.0.5",
        "yargs-parser": "^22.0.0"
      }
    },
    "yargs-parser": {
      "version": "22.0.0",
      "resolved": "https://registry.npmjs.org/yargs-parser/-/yargs-parser-22.0.0.tgz",
      "integrity": "sha512-rwu/ClNdSMpkSrUb+d6BRsSkLUq1fmfsY6TOpYzTwvwkg1/NRG85KBy3kq++A8LKQwX6lsu+aWad+2khvuXrqw=="
    }
  }
}
